{
  "name": "socket-io-server",
  "version": "1.0.0",
  "description": "Servidor Socket.io para chat en tiempo real",
  "main": "chatServer.js",
  "scripts": {
    "start": "node chatServer.js"
  },
  "keywords": [
    "socket.io",
    "chat",
    "real-time"
  ],
  "author": "Tu Nombre",
  "license": "ISC",
  "dependencies": {
    "express": "^4.17.1",
    "socket.io": "^4.0.0"
  },
  "engines": {
    "node": "16.x"
  }
}

